
Microsoft Visual Studio Solution File, Format Version 12.00
# Visual Studio Version 16
VisualStudioVersion = 16.0.30002.166
MinimumVisualStudioVersion = 10.0.40219.1
Project("{9A19103F-16F7-4668-BE54-9A1E7A4F7556}") = "LAB_11_Blockbuster", "LAB_11_BlockBuster\LAB_11_Blockbuster.csproj", "{59567989-A617-420E-8024-994DEE93E23F}"
EndProject
Global
	GlobalSection(SolutionConfigurationPlatforms) = preSolution
		Debug|Any CPU = Debug|Any CPU
		Release|Any CPU = Release|Any CPU
	EndGlobalSection
	GlobalSection(ProjectConfigurationPlatforms) = postSolution
		{59567989-A617-420E-8024-994DEE93E23F}.Debug|Any CPU.ActiveCfg = Debug|Any CPU
		{59567989-A617-420E-8024-994DEE93E23F}.Debug|Any CPU.Build.0 = Debug|Any CPU
		{59567989-A617-420E-8024-994DEE93E23F}.Release|Any CPU.ActiveCfg = Release|Any CPU
		{59567989-A617-420E-8024-994DEE93E23F}.Release|Any CPU.Build.0 = Release|Any CPU
	EndGlobalSection
	GlobalSection(SolutionProperties) = preSolution
		HideSolutionNode = FALSE
	EndGlobalSection
	GlobalSection(ExtensibilityGlobals) = postSolution
		SolutionGuid = {E0676135-47B0-490A-8050-1B0FA2881D6E}
	EndGlobalSection
EndGlobal
